<?xml version="1.0" encoding="UTF-8" standalone="yes" ?>
<CodeBlocks_project_file>
	<FileVersion major="1" minor="6" />
	<Project>
		<Option title="Project1" />
		<Option pch_mode="2" />
		<Option compiler="gcc" />
		<Build>
			<Target title="default">
				<Option output="Project1" prefix_auto="1" extension_auto="1" />
				<Option type="0" />
				<Option compiler="gcc" />
			</Target>
		</Build>
		<Linker>
			<Add option="C:/Dev-Cpp/lib/libglu32.a" />
			<Add option="C:/Dev-Cpp/lib/libglut32.a" />
			<Add option="C:/Dev-Cpp/lib/libopengl32.a" />
			<Add library="opengl32" />
		</Linker>
		<Unit filename="imageloader.cpp" />
		<Unit filename="imageloader.h" />
		<Unit filename="main.cpp" />
		<Unit filename="vec3f.cpp" />
		<Unit filename="vec3f.h" />
		<Extensions>
			<code_completion />
			<envvars />
			<debugger />
		</Extensions>
	</Project>
</CodeBlocks_project_file>
